
Microsoft Visual Studio Solution File, Format Version 12.00
# Visual Studio 15
VisualStudioVersion = 15.0.26730.12
MinimumVisualStudioVersion = 10.0.40219.1
Project("{FAE04EC0-301F-11D3-BF4B-00C04F79EFBC}") = "EleksRssGUI", "eleksRssGUI\EleksRssGUI.csproj", "{D7F02B02-74D5-4A63-85AA-BC82CBEB6DA3}"
EndProject
Project("{FAE04EC0-301F-11D3-BF4B-00C04F79EFBC}") = "EleksRssCore", "EleksRssCore\EleksRssCore.csproj", "{4F6F0A82-120B-4031-ADB9-2064CE3BA1F5}"
EndProject
Project("{FAE04EC0-301F-11D3-BF4B-00C04F79EFBC}") = "DesktopMainModule", "DesktopMainModule\DesktopMainModule.csproj", "{32B641FA-F958-44CA-B12E-9CE6EA040188}"
EndProject
Project("{FAE04EC0-301F-11D3-BF4B-00C04F79EFBC}") = "UrlBrowserModule", "UrlBrowserModule\UrlBrowserModule.csproj", "{32E9EF39-EC9D-4C74-BFBC-5A9ADADF8624}"
EndProject
Project("{2150E333-8FDC-42A3-9474-1A3956D46DE8}") = "GUI", "GUI", "{C57E8935-D7D3-4B94-BD0A-0862A0F8AD62}"
EndProject
Project("{FAE04EC0-301F-11D3-BF4B-00C04F79EFBC}") = "GuiEnvironment", "GuiEnvironment\GuiEnvironment.csproj", "{4C257704-3D94-4D8A-B835-B8AEDC06A0AC}"
EndProject
Project("{FAE04EC0-301F-11D3-BF4B-00C04F79EFBC}") = "CategoriesModule", "CategoriesModule\CategoriesModule.csproj", "{B7534E8A-9C80-46BD-824C-9DEC4977A66B}"
EndProject
Project("{FAE04EC0-301F-11D3-BF4B-00C04F79EFBC}") = "PagingModule", "PagingModule\PagingModule.csproj", "{EBEEA650-ED53-4969-9866-E6408DEF3BDD}"
EndProject
Global
	GlobalSection(SolutionConfigurationPlatforms) = preSolution
		Debug|Any CPU = Debug|Any CPU
		Debug|x86 = Debug|x86
		Release|Any CPU = Release|Any CPU
		Release|x86 = Release|x86
	EndGlobalSection
	GlobalSection(ProjectConfigurationPlatforms) = postSolution
		{D7F02B02-74D5-4A63-85AA-BC82CBEB6DA3}.Debug|Any CPU.ActiveCfg = Debug|Any CPU
		{D7F02B02-74D5-4A63-85AA-BC82CBEB6DA3}.Debug|Any CPU.Build.0 = Debug|Any CPU
		{D7F02B02-74D5-4A63-85AA-BC82CBEB6DA3}.Debug|x86.ActiveCfg = Debug|x86
		{D7F02B02-74D5-4A63-85AA-BC82CBEB6DA3}.Debug|x86.Build.0 = Debug|x86
		{D7F02B02-74D5-4A63-85AA-BC82CBEB6DA3}.Release|Any CPU.ActiveCfg = Release|Any CPU
		{D7F02B02-74D5-4A63-85AA-BC82CBEB6DA3}.Release|Any CPU.Build.0 = Release|Any CPU
		{D7F02B02-74D5-4A63-85AA-BC82CBEB6DA3}.Release|x86.ActiveCfg = Release|x86
		{D7F02B02-74D5-4A63-85AA-BC82CBEB6DA3}.Release|x86.Build.0 = Release|x86
		{4F6F0A82-120B-4031-ADB9-2064CE3BA1F5}.Debug|Any CPU.ActiveCfg = Debug|Any CPU
		{4F6F0A82-120B-4031-ADB9-2064CE3BA1F5}.Debug|Any CPU.Build.0 = Debug|Any CPU
		{4F6F0A82-120B-4031-ADB9-2064CE3BA1F5}.Debug|x86.ActiveCfg = Debug|x86
		{4F6F0A82-120B-4031-ADB9-2064CE3BA1F5}.Debug|x86.Build.0 = Debug|x86
		{4F6F0A82-120B-4031-ADB9-2064CE3BA1F5}.Release|Any CPU.ActiveCfg = Release|Any CPU
		{4F6F0A82-120B-4031-ADB9-2064CE3BA1F5}.Release|Any CPU.Build.0 = Release|Any CPU
		{4F6F0A82-120B-4031-ADB9-2064CE3BA1F5}.Release|x86.ActiveCfg = Release|x86
		{4F6F0A82-120B-4031-ADB9-2064CE3BA1F5}.Release|x86.Build.0 = Release|x86
		{32B641FA-F958-44CA-B12E-9CE6EA040188}.Debug|Any CPU.ActiveCfg = Debug|Any CPU
		{32B641FA-F958-44CA-B12E-9CE6EA040188}.Debug|Any CPU.Build.0 = Debug|Any CPU
		{32B641FA-F958-44CA-B12E-9CE6EA040188}.Debug|x86.ActiveCfg = Debug|x86
		{32B641FA-F958-44CA-B12E-9CE6EA040188}.Debug|x86.Build.0 = Debug|x86
		{32B641FA-F958-44CA-B12E-9CE6EA040188}.Release|Any CPU.ActiveCfg = Release|Any CPU
		{32B641FA-F958-44CA-B12E-9CE6EA040188}.Release|Any CPU.Build.0 = Release|Any CPU
		{32B641FA-F958-44CA-B12E-9CE6EA040188}.Release|x86.ActiveCfg = Release|x86
		{32B641FA-F958-44CA-B12E-9CE6EA040188}.Release|x86.Build.0 = Release|x86
		{32E9EF39-EC9D-4C74-BFBC-5A9ADADF8624}.Debug|Any CPU.ActiveCfg = Debug|Any CPU
		{32E9EF39-EC9D-4C74-BFBC-5A9ADADF8624}.Debug|Any CPU.Build.0 = Debug|Any CPU
		{32E9EF39-EC9D-4C74-BFBC-5A9ADADF8624}.Debug|x86.ActiveCfg = Debug|x86
		{32E9EF39-EC9D-4C74-BFBC-5A9ADADF8624}.Debug|x86.Build.0 = Debug|x86
		{32E9EF39-EC9D-4C74-BFBC-5A9ADADF8624}.Release|Any CPU.ActiveCfg = Release|Any CPU
		{32E9EF39-EC9D-4C74-BFBC-5A9ADADF8624}.Release|Any CPU.Build.0 = Release|Any CPU
		{32E9EF39-EC9D-4C74-BFBC-5A9ADADF8624}.Release|x86.ActiveCfg = Release|x86
		{32E9EF39-EC9D-4C74-BFBC-5A9ADADF8624}.Release|x86.Build.0 = Release|x86
		{4C257704-3D94-4D8A-B835-B8AEDC06A0AC}.Debug|Any CPU.ActiveCfg = Debug|Any CPU
		{4C257704-3D94-4D8A-B835-B8AEDC06A0AC}.Debug|Any CPU.Build.0 = Debug|Any CPU
		{4C257704-3D94-4D8A-B835-B8AEDC06A0AC}.Debug|x86.ActiveCfg = Debug|x86
		{4C257704-3D94-4D8A-B835-B8AEDC06A0AC}.Debug|x86.Build.0 = Debug|x86
		{4C257704-3D94-4D8A-B835-B8AEDC06A0AC}.Release|Any CPU.ActiveCfg = Release|Any CPU
		{4C257704-3D94-4D8A-B835-B8AEDC06A0AC}.Release|Any CPU.Build.0 = Release|Any CPU
		{4C257704-3D94-4D8A-B835-B8AEDC06A0AC}.Release|x86.ActiveCfg = Release|x86
		{4C257704-3D94-4D8A-B835-B8AEDC06A0AC}.Release|x86.Build.0 = Release|x86
		{B7534E8A-9C80-46BD-824C-9DEC4977A66B}.Debug|Any CPU.ActiveCfg = Debug|Any CPU
		{B7534E8A-9C80-46BD-824C-9DEC4977A66B}.Debug|Any CPU.Build.0 = Debug|Any CPU
		{B7534E8A-9C80-46BD-824C-9DEC4977A66B}.Debug|x86.ActiveCfg = Debug|x86
		{B7534E8A-9C80-46BD-824C-9DEC4977A66B}.Debug|x86.Build.0 = Debug|x86
		{B7534E8A-9C80-46BD-824C-9DEC4977A66B}.Release|Any CPU.ActiveCfg = Release|Any CPU
		{B7534E8A-9C80-46BD-824C-9DEC4977A66B}.Release|Any CPU.Build.0 = Release|Any CPU
		{B7534E8A-9C80-46BD-824C-9DEC4977A66B}.Release|x86.ActiveCfg = Release|x86
		{B7534E8A-9C80-46BD-824C-9DEC4977A66B}.Release|x86.Build.0 = Release|x86
		{EBEEA650-ED53-4969-9866-E6408DEF3BDD}.Debug|Any CPU.ActiveCfg = Debug|Any CPU
		{EBEEA650-ED53-4969-9866-E6408DEF3BDD}.Debug|Any CPU.Build.0 = Debug|Any CPU
		{EBEEA650-ED53-4969-9866-E6408DEF3BDD}.Debug|x86.ActiveCfg = Debug|x86
		{EBEEA650-ED53-4969-9866-E6408DEF3BDD}.Debug|x86.Build.0 = Debug|x86
		{EBEEA650-ED53-4969-9866-E6408DEF3BDD}.Release|Any CPU.ActiveCfg = Release|Any CPU
		{EBEEA650-ED53-4969-9866-E6408DEF3BDD}.Release|Any CPU.Build.0 = Release|Any CPU
		{EBEEA650-ED53-4969-9866-E6408DEF3BDD}.Release|x86.ActiveCfg = Release|x86
		{EBEEA650-ED53-4969-9866-E6408DEF3BDD}.Release|x86.Build.0 = Release|x86
	EndGlobalSection
	GlobalSection(SolutionProperties) = preSolution
		HideSolutionNode = FALSE
	EndGlobalSection
	GlobalSection(NestedProjects) = preSolution
		{D7F02B02-74D5-4A63-85AA-BC82CBEB6DA3} = {C57E8935-D7D3-4B94-BD0A-0862A0F8AD62}
		{32B641FA-F958-44CA-B12E-9CE6EA040188} = {C57E8935-D7D3-4B94-BD0A-0862A0F8AD62}
		{32E9EF39-EC9D-4C74-BFBC-5A9ADADF8624} = {C57E8935-D7D3-4B94-BD0A-0862A0F8AD62}
		{4C257704-3D94-4D8A-B835-B8AEDC06A0AC} = {C57E8935-D7D3-4B94-BD0A-0862A0F8AD62}
		{B7534E8A-9C80-46BD-824C-9DEC4977A66B} = {C57E8935-D7D3-4B94-BD0A-0862A0F8AD62}
		{EBEEA650-ED53-4969-9866-E6408DEF3BDD} = {C57E8935-D7D3-4B94-BD0A-0862A0F8AD62}
	EndGlobalSection
	GlobalSection(ExtensibilityGlobals) = postSolution
		SolutionGuid = {19FC1F4A-394C-4668-85D6-14CA2F10722A}
	EndGlobalSection
EndGlobal
